<?xml version="1.0" encoding="utf-8"?>
<Project ToolsVersion="4.0" xmlns="http://schemas.microsoft.com/developer/msbuild/2003">
  <ItemGroup>
    <Filter Include="Resource Files">
      <UniqueIdentifier>{67DA6AB6-F800-4c08-8B7A-83BB121AAD01}</UniqueIdentifier>
      <Extensions>rc;ico;cur;bmp;dlg;rc2;rct;bin;rgs;gif;jpg;jpeg;jpe;resx;tiff;tif;png;wav;mfcribbon-ms</Extensions>
    </Filter>
  </ItemGroup>
  <ItemGroup>
    <ClInclude Include="Source\techniques\basic_lighting_technique.h" />
    <ClInclude Include="Source\techniques\basic_technique.h" />
    <ClInclude Include="Source\techniques\custom_techniques.h" />
    <ClInclude Include="Source\techniques\technique.h" />
    <ClInclude Include="Source\basic_mesh.h" />
    <ClInclude Include="Source\callbacks.h" />
    <ClInclude Include="Source\camera.h" />
    <ClInclude Include="Source\engine_common.h" />
    <ClInclude Include="Source\FbxUtil.h" />
    <ClInclude Include="Source\glfw_backend.h" />
    <ClInclude Include="Source\graphics_app.h" />
    <ClInclude Include="Source\keys.h" />
    <ClInclude Include="Source\lights_common.h" />
    <ClInclude Include="Source\main_app.h" />
    <ClInclude Include="Source\material.h" />
    <ClInclude Include="Source\math_3d.h" />
    <ClInclude Include="Source\pipeline.h" />
    <ClInclude Include="Source\types.h" />
    <ClInclude Include="Source\util.h" />
    <ClInclude Include="Source\skybox.h" />
    <ClInclude Include="Source\techniques\skybox_technique.h" />
    <ClInclude Include="Source\textures\stb_image.h" />
    <ClInclude Include="Source\textures\cubemap_texture.h" />
    <ClInclude Include="Source\textures\texture.h" />
    <ClInclude Include="Source\textures\texture_base.h" />
  </ItemGroup>
  <ItemGroup>
    <ClCompile Include="Source\techniques\basic_lighting_technique.cpp" />
    <ClCompile Include="Source\techniques\basic_technique.cpp" />
    <ClCompile Include="Source\techniques\custom_techniques.cpp" />
    <ClCompile Include="Source\techniques\technique.cpp" />
    <ClCompile Include="Source\basic_mesh.cpp" />
    <ClCompile Include="Source\camera.cpp" />
    <ClCompile Include="Source\FbxUtil.cpp" />
    <ClCompile Include="Source\glfw_backend.cpp" />
    <ClCompile Include="Source\graphics_app.cpp" />
    <ClCompile Include="Source\main_app.cpp" />
    <ClCompile Include="Source\material.cpp" />
    <ClCompile Include="Source\pipeline.cpp" />
    <ClCompile Include="Source\Source.cpp" />
    <ClCompile Include="Source\util.cpp" />
    <ClCompile Include="Source\skybox.cpp" />
    <ClCompile Include="Source\techniques\skybox_technqiue.cpp" />
    <ClCompile Include="Source\textures\cubemap_texture.cpp" />
    <ClCompile Include="Source\textures\texture.cpp" />
    <ClCompile Include="Source\textures\texture_base.cpp" />
  </ItemGroup>
  <ItemGroup>
    <None Include="shaders\stencil_test.fs" />
    <None Include="shaders\stencil_test.vs" />
    <None Include="shaders\blending.fs" />
    <None Include="shaders\blending.vs" />
    <None Include="shaders\unlit_instanced.vs" />
    <None Include="shaders\unlit_instanced.fs" />
    <None Include="shaders\skybox.vs" />
    <None Include="shaders\skybox.fs" />
  </ItemGroup>
</Project>